// !$*UTF8*$!
{
	archiveVersion = 1;
	classes = {
	};
	objectVersion = 51;
	objects = {

/* Begin PBXBuildFile section */
		6B2211E9C43F704217C0BCF4 /* Pods_8ball_testproject.framework in Frameworks */ = {isa = PBXBuildFile; fileRef = 341C5AA90E0181FCEE97A60D /* Pods_8ball_testproject.framework */; };
		851F443D233C101C000776CE /* Strings.swift in Sources */ = {isa = PBXBuildFile; fileRef = 851F443B233C101C000776CE /* Strings.swift */; };
		851F443F233C105F000776CE /* Assets.swift in Sources */ = {isa = PBXBuildFile; fileRef = 851F443E233C105F000776CE /* Assets.swift */; };
		851F4442233C11A7000776CE /* URLstring.strings in Resources */ = {isa = PBXBuildFile; fileRef = 851F4441233C11A7000776CE /* URLstring.strings */; };
		851F4444233C1A81000776CE /* HardCodedAnswers.strings in Resources */ = {isa = PBXBuildFile; fileRef = 851F4443233C1A81000776CE /* HardCodedAnswers.strings */; };
		851F4446233C1DA4000776CE /* Error.strings in Resources */ = {isa = PBXBuildFile; fileRef = 851F4445233C1DA4000776CE /* Error.strings */; };
		855EB58C22FBE3F1002BEB82 /* AppDelegate.swift in Sources */ = {isa = PBXBuildFile; fileRef = 855EB58B22FBE3F1002BEB82 /* AppDelegate.swift */; };
		855EB58E22FBE3F1002BEB82 /* MainViewController.swift in Sources */ = {isa = PBXBuildFile; fileRef = 855EB58D22FBE3F1002BEB82 /* MainViewController.swift */; };
		855EB59122FBE3F2002BEB82 /* Main.storyboard in Resources */ = {isa = PBXBuildFile; fileRef = 855EB58F22FBE3F2002BEB82 /* Main.storyboard */; };
		855EB59622FBE3F6002BEB82 /* LaunchScreen.storyboard in Resources */ = {isa = PBXBuildFile; fileRef = 855EB59422FBE3F6002BEB82 /* LaunchScreen.storyboard */; };
		855EB59E22FBF4E7002BEB82 /* Assets.xcassets in Resources */ = {isa = PBXBuildFile; fileRef = 855EB59D22FBF4E6002BEB82 /* Assets.xcassets */; };
		855EB5A222FC0A99002BEB82 /* ResponseModel.swift in Sources */ = {isa = PBXBuildFile; fileRef = 855EB5A122FC0A99002BEB82 /* ResponseModel.swift */; };
		857E00572301BBC800DD557C /* PickerViewController.swift in Sources */ = {isa = PBXBuildFile; fileRef = 857E00562301BBC800DD557C /* PickerViewController.swift */; };
		85BAB1912309D84900D3C5CF /* HardCodedAnswersModel.swift in Sources */ = {isa = PBXBuildFile; fileRef = 85BAB1902309D84900D3C5CF /* HardCodedAnswersModel.swift */; };
		85DEFB6E231A776E00A91E0E /* NetworkService.swift in Sources */ = {isa = PBXBuildFile; fileRef = 85DEFB6D231A776E00A91E0E /* NetworkService.swift */; };
/* End PBXBuildFile section */

/* Begin PBXFileReference section */
		217C41F4EDEFE08FA8380964 /* Pods-8ball_testproject.release.xcconfig */ = {isa = PBXFileReference; includeInIndex = 1; lastKnownFileType = text.xcconfig; name = "Pods-8ball_testproject.release.xcconfig"; path = "Target Support Files/Pods-8ball_testproject/Pods-8ball_testproject.release.xcconfig"; sourceTree = "<group>"; };
		341C5AA90E0181FCEE97A60D /* Pods_8ball_testproject.framework */ = {isa = PBXFileReference; explicitFileType = wrapper.framework; includeInIndex = 0; path = Pods_8ball_testproject.framework; sourceTree = BUILT_PRODUCTS_DIR; };
		851F443B233C101C000776CE /* Strings.swift */ = {isa = PBXFileReference; fileEncoding = 4; lastKnownFileType = sourcecode.swift; path = Strings.swift; sourceTree = "<group>"; };
		851F443E233C105F000776CE /* Assets.swift */ = {isa = PBXFileReference; fileEncoding = 4; lastKnownFileType = sourcecode.swift; path = Assets.swift; sourceTree = "<group>"; };
		851F4441233C11A7000776CE /* URLstring.strings */ = {isa = PBXFileReference; lastKnownFileType = text.plist.strings; path = URLstring.strings; sourceTree = "<group>"; };
		851F4443233C1A81000776CE /* HardCodedAnswers.strings */ = {isa = PBXFileReference; lastKnownFileType = text.plist.strings; path = HardCodedAnswers.strings; sourceTree = "<group>"; };
		851F4445233C1DA4000776CE /* Error.strings */ = {isa = PBXFileReference; lastKnownFileType = text.plist.strings; path = Error.strings; sourceTree = "<group>"; };
		855EB58822FBE3F1002BEB82 /* 8ball_testproject.app */ = {isa = PBXFileReference; explicitFileType = wrapper.application; includeInIndex = 0; path = 8ball_testproject.app; sourceTree = BUILT_PRODUCTS_DIR; };
		855EB58B22FBE3F1002BEB82 /* AppDelegate.swift */ = {isa = PBXFileReference; lastKnownFileType = sourcecode.swift; path = AppDelegate.swift; sourceTree = "<group>"; };
		855EB58D22FBE3F1002BEB82 /* MainViewController.swift */ = {isa = PBXFileReference; lastKnownFileType = sourcecode.swift; path = MainViewController.swift; sourceTree = "<group>"; };
		855EB59022FBE3F2002BEB82 /* Base */ = {isa = PBXFileReference; lastKnownFileType = file.storyboard; name = Base; path = Base.lproj/Main.storyboard; sourceTree = "<group>"; };
		855EB59522FBE3F6002BEB82 /* Base */ = {isa = PBXFileReference; lastKnownFileType = file.storyboard; name = Base; path = Base.lproj/LaunchScreen.storyboard; sourceTree = "<group>"; };
		855EB59722FBE3F6002BEB82 /* Info.plist */ = {isa = PBXFileReference; lastKnownFileType = text.plist.xml; path = Info.plist; sourceTree = "<group>"; };
		855EB59D22FBF4E6002BEB82 /* Assets.xcassets */ = {isa = PBXFileReference; lastKnownFileType = folder.assetcatalog; path = Assets.xcassets; sourceTree = "<group>"; };
		855EB5A122FC0A99002BEB82 /* ResponseModel.swift */ = {isa = PBXFileReference; lastKnownFileType = sourcecode.swift; path = ResponseModel.swift; sourceTree = "<group>"; };
		857E00562301BBC800DD557C /* PickerViewController.swift */ = {isa = PBXFileReference; lastKnownFileType = sourcecode.swift; path = PickerViewController.swift; sourceTree = "<group>"; };
		85BAB1902309D84900D3C5CF /* HardCodedAnswersModel.swift */ = {isa = PBXFileReference; lastKnownFileType = sourcecode.swift; path = HardCodedAnswersModel.swift; sourceTree = "<group>"; };
		85DEFB6D231A776E00A91E0E /* NetworkService.swift */ = {isa = PBXFileReference; lastKnownFileType = sourcecode.swift; path = NetworkService.swift; sourceTree = "<group>"; };
		9763CEA0DD56BAFA460148CF /* Pods-8ball_testproject.debug.xcconfig */ = {isa = PBXFileReference; includeInIndex = 1; lastKnownFileType = text.xcconfig; name = "Pods-8ball_testproject.debug.xcconfig"; path = "Target Support Files/Pods-8ball_testproject/Pods-8ball_testproject.debug.xcconfig"; sourceTree = "<group>"; };
/* End PBXFileReference section */

/* Begin PBXFrameworksBuildPhase section */
		855EB58522FBE3F1002BEB82 /* Frameworks */ = {
			isa = PBXFrameworksBuildPhase;
			buildActionMask = 2147483647;
			files = (
				6B2211E9C43F704217C0BCF4 /* Pods_8ball_testproject.framework in Frameworks */,
			);
			runOnlyForDeploymentPostprocessing = 0;
		};
/* End PBXFrameworksBuildPhase section */

/* Begin PBXGroup section */
		851F4439233C0E18000776CE /* SwiftGen */ = {
			isa = PBXGroup;
			children = (
				851F443E233C105F000776CE /* Assets.swift */,
				851F443B233C101C000776CE /* Strings.swift */,
			);
			path = SwiftGen;
			sourceTree = "<group>";
		};
		851F4440233C1186000776CE /* Strings */ = {
			isa = PBXGroup;
			children = (
				851F4441233C11A7000776CE /* URLstring.strings */,
				851F4443233C1A81000776CE /* HardCodedAnswers.strings */,
				851F4445233C1DA4000776CE /* Error.strings */,
			);
			path = Strings;
			sourceTree = "<group>";
		};
		855EB57F22FBE3F1002BEB82 = {
			isa = PBXGroup;
			children = (
				855EB58A22FBE3F1002BEB82 /* 8ball_testproject */,
				855EB58922FBE3F1002BEB82 /* Products */,
				D647C2AD9F445DD236A7D640 /* Pods */,
				E3C641CAC8C6CE41B4C21059 /* Frameworks */,
			);
			sourceTree = "<group>";
		};
		855EB58922FBE3F1002BEB82 /* Products */ = {
			isa = PBXGroup;
			children = (
				855EB58822FBE3F1002BEB82 /* 8ball_testproject.app */,
			);
			name = Products;
			sourceTree = "<group>";
		};
		855EB58A22FBE3F1002BEB82 /* 8ball_testproject */ = {
			isa = PBXGroup;
			children = (
				851F4439233C0E18000776CE /* SwiftGen */,
				85B5595823396F3F00AF465B /* Resources */,
				8593CE8C23057ACB00F4EAB4 /* Model */,
				8593CE8D23057AD300F4EAB4 /* Controller */,
				8593CE8B23057ABB00F4EAB4 /* View */,
				855EB59422FBE3F6002BEB82 /* LaunchScreen.storyboard */,
				855EB59722FBE3F6002BEB82 /* Info.plist */,
			);
			path = 8ball_testproject;
			sourceTree = "<group>";
		};
		8593CE8B23057ABB00F4EAB4 /* View */ = {
			isa = PBXGroup;
			children = (
				855EB58F22FBE3F2002BEB82 /* Main.storyboard */,
			);
			path = View;
			sourceTree = "<group>";
		};
		8593CE8C23057ACB00F4EAB4 /* Model */ = {
			isa = PBXGroup;
			children = (
				855EB5A122FC0A99002BEB82 /* ResponseModel.swift */,
				85BAB1902309D84900D3C5CF /* HardCodedAnswersModel.swift */,
				85DEFB6D231A776E00A91E0E /* NetworkService.swift */,
			);
			path = Model;
			sourceTree = "<group>";
		};
		8593CE8D23057AD300F4EAB4 /* Controller */ = {
			isa = PBXGroup;
			children = (
				855EB58B22FBE3F1002BEB82 /* AppDelegate.swift */,
				857E00562301BBC800DD557C /* PickerViewController.swift */,
				855EB58D22FBE3F1002BEB82 /* MainViewController.swift */,
			);
			path = Controller;
			sourceTree = "<group>";
		};
		85B5595823396F3F00AF465B /* Resources */ = {
			isa = PBXGroup;
			children = (
				851F4440233C1186000776CE /* Strings */,
				855EB59D22FBF4E6002BEB82 /* Assets.xcassets */,
			);
			path = Resources;
			sourceTree = "<group>";
		};
		D647C2AD9F445DD236A7D640 /* Pods */ = {
			isa = PBXGroup;
			children = (
				9763CEA0DD56BAFA460148CF /* Pods-8ball_testproject.debug.xcconfig */,
				217C41F4EDEFE08FA8380964 /* Pods-8ball_testproject.release.xcconfig */,
			);
			path = Pods;
			sourceTree = "<group>";
		};
		E3C641CAC8C6CE41B4C21059 /* Frameworks */ = {
			isa = PBXGroup;
			children = (
				341C5AA90E0181FCEE97A60D /* Pods_8ball_testproject.framework */,
			);
			name = Frameworks;
			sourceTree = "<group>";
		};
/* End PBXGroup section */

/* Begin PBXNativeTarget section */
		855EB58722FBE3F1002BEB82 /* 8ball_testproject */ = {
			isa = PBXNativeTarget;
			buildConfigurationList = 855EB59A22FBE3F6002BEB82 /* Build configuration list for PBXNativeTarget "8ball_testproject" */;
			buildPhases = (
				1D16ADBBBF99FB253C4F0F29 /* [CP] Check Pods Manifest.lock */,
				8503CBFE233804CE00B7F1CB /* SwiftGen */,
				855EB58422FBE3F1002BEB82 /* Sources */,
				855EB58522FBE3F1002BEB82 /* Frameworks */,
				855EB58622FBE3F1002BEB82 /* Resources */,
				AA24F2F72068B5FC205A5042 /* [CP] Embed Pods Frameworks */,
				8503CBFD2337EC9400B7F1CB /* SwiftLint */,
			);
			buildRules = (
			);
			dependencies = (
			);
			name = 8ball_testproject;
			productName = 8ball_testproject;
			productReference = 855EB58822FBE3F1002BEB82 /* 8ball_testproject.app */;
			productType = "com.apple.product-type.application";
		};
/* End PBXNativeTarget section */

/* Begin PBXProject section */
		855EB58022FBE3F1002BEB82 /* Project object */ = {
			isa = PBXProject;
			attributes = {
				LastSwiftUpdateCheck = 1020;
				LastUpgradeCheck = 1020;
				ORGANIZATIONNAME = "Stanislav Buryan";
				TargetAttributes = {
					855EB58722FBE3F1002BEB82 = {
						CreatedOnToolsVersion = 10.2.1;
					};
				};
			};
			buildConfigurationList = 855EB58322FBE3F1002BEB82 /* Build configuration list for PBXProject "8ball_testproject" */;
			compatibilityVersion = "Xcode 9.3";
			developmentRegion = en;
			hasScannedForEncodings = 0;
			knownRegions = (
				en,
				Base,
			);
			mainGroup = 855EB57F22FBE3F1002BEB82;
			productRefGroup = 855EB58922FBE3F1002BEB82 /* Products */;
			projectDirPath = "";
			projectRoot = "";
			targets = (
				855EB58722FBE3F1002BEB82 /* 8ball_testproject */,
			);
		};
/* End PBXProject section */

/* Begin PBXResourcesBuildPhase section */
		855EB58622FBE3F1002BEB82 /* Resources */ = {
			isa = PBXResourcesBuildPhase;
			buildActionMask = 2147483647;
			files = (
				855EB59622FBE3F6002BEB82 /* LaunchScreen.storyboard in Resources */,
				855EB59E22FBF4E7002BEB82 /* Assets.xcassets in Resources */,
				855EB59122FBE3F2002BEB82 /* Main.storyboard in Resources */,
				851F4446233C1DA4000776CE /* Error.strings in Resources */,
				851F4442233C11A7000776CE /* URLstring.strings in Resources */,
				851F4444233C1A81000776CE /* HardCodedAnswers.strings in Resources */,
			);
			runOnlyForDeploymentPostprocessing = 0;
		};
/* End PBXResourcesBuildPhase section */

/* Begin PBXShellScriptBuildPhase section */
		1D16ADBBBF99FB253C4F0F29 /* [CP] Check Pods Manifest.lock */ = {
			isa = PBXShellScriptBuildPhase;
			buildActionMask = 2147483647;
			files = (
			);
			inputFileListPaths = (
			);
			inputPaths = (
				"${PODS_PODFILE_DIR_PATH}/Podfile.lock",
				"${PODS_ROOT}/Manifest.lock",
			);
			name = "[CP] Check Pods Manifest.lock";
			outputFileListPaths = (
			);
			outputPaths = (
				"$(DERIVED_FILE_DIR)/Pods-8ball_testproject-checkManifestLockResult.txt",
			);
			runOnlyForDeploymentPostprocessing = 0;
			shellPath = /bin/sh;
			shellScript = "diff \"${PODS_PODFILE_DIR_PATH}/Podfile.lock\" \"${PODS_ROOT}/Manifest.lock\" > /dev/null\nif [ $? != 0 ] ; then\n    # print error to STDERR\n    echo \"error: The sandbox is not in sync with the Podfile.lock. Run 'pod install' or update your CocoaPods installation.\" >&2\n    exit 1\nfi\n# This output is used by Xcode 'outputs' to avoid re-running this script phase.\necho \"SUCCESS\" > \"${SCRIPT_OUTPUT_FILE_0}\"\n";
			showEnvVarsInLog = 0;
		};
		8503CBFD2337EC9400B7F1CB /* SwiftLint */ = {
			isa = PBXShellScriptBuildPhase;
			buildActionMask = 2147483647;
			files = (
			);
			inputFileListPaths = (
			);
			inputPaths = (
			);
			name = SwiftLint;
			outputFileListPaths = (
			);
			outputPaths = (
			);
			runOnlyForDeploymentPostprocessing = 0;
			shellPath = /bin/sh;
			shellScript = "\"${PODS_ROOT}/SwiftLint/swiftlint\"\n";
		};
		8503CBFE233804CE00B7F1CB /* SwiftGen */ = {
			isa = PBXShellScriptBuildPhase;
			buildActionMask = 2147483647;
			files = (
			);
			inputFileListPaths = (
			);
			inputPaths = (
			);
			name = SwiftGen;
			outputFileListPaths = (
			);
			outputPaths = (
			);
			runOnlyForDeploymentPostprocessing = 0;
			shellPath = /bin/sh;
			shellScript = "$PODS_ROOT/SwiftGen/bin/swiftgen\n";
		};
		AA24F2F72068B5FC205A5042 /* [CP] Embed Pods Frameworks */ = {
			isa = PBXShellScriptBuildPhase;
			buildActionMask = 2147483647;
			files = (
			);
			inputFileListPaths = (
				"${PODS_ROOT}/Target Support Files/Pods-8ball_testproject/Pods-8ball_testproject-frameworks-${CONFIGURATION}-input-files.xcfilelist",
			);
			name = "[CP] Embed Pods Frameworks";
			outputFileListPaths = (
				"${PODS_ROOT}/Target Support Files/Pods-8ball_testproject/Pods-8ball_testproject-frameworks-${CONFIGURATION}-output-files.xcfilelist",
			);
			runOnlyForDeploymentPostprocessing = 0;
			shellPath = /bin/sh;
			shellScript = "\"${PODS_ROOT}/Target Support Files/Pods-8ball_testproject/Pods-8ball_testproject-frameworks.sh\"\n";
			showEnvVarsInLog = 0;
		};
/* End PBXShellScriptBuildPhase section */

/* Begin PBXSourcesBuildPhase section */
		855EB58422FBE3F1002BEB82 /* Sources */ = {
			isa = PBXSourcesBuildPhase;
			buildActionMask = 2147483647;
			files = (
				857E00572301BBC800DD557C /* PickerViewController.swift in Sources */,
				851F443D233C101C000776CE /* Strings.swift in Sources */,
				851F443F233C105F000776CE /* Assets.swift in Sources */,
				855EB58E22FBE3F1002BEB82 /* MainViewController.swift in Sources */,
				85DEFB6E231A776E00A91E0E /* NetworkService.swift in Sources */,
				855EB5A222FC0A99002BEB82 /* ResponseModel.swift in Sources */,
				85BAB1912309D84900D3C5CF /* HardCodedAnswersModel.swift in Sources */,
				855EB58C22FBE3F1002BEB82 /* AppDelegate.swift in Sources */,
			);
			runOnlyForDeploymentPostprocessing = 0;
		};
/* End PBXSourcesBuildPhase section */

/* Begin PBXVariantGroup section */
		855EB58F22FBE3F2002BEB82 /* Main.storyboard */ = {
			isa = PBXVariantGroup;
			children = (
				855EB59022FBE3F2002BEB82 /* Base */,
			);
			name = Main.storyboard;
			sourceTree = "<group>";
		};
		855EB59422FBE3F6002BEB82 /* LaunchScreen.storyboard */ = {
			isa = PBXVariantGroup;
			children = (
				855EB59522FBE3F6002BEB82 /* Base */,
			);
			name = LaunchScreen.storyboard;
			sourceTree = "<group>";
		};
/* End PBXVariantGroup section */

/* Begin XCBuildConfiguration section */
		855EB59822FBE3F6002BEB82 /* Debug */ = {
			isa = XCBuildConfiguration;
			buildSettings = {
				ALWAYS_SEARCH_USER_PATHS = NO;
				CLANG_ANALYZER_NONNULL = YES;
				CLANG_ANALYZER_NUMBER_OBJECT_CONVERSION = YES_AGGRESSIVE;
				CLANG_CXX_LANGUAGE_STANDARD = "gnu++14";
				CLANG_CXX_LIBRARY = "libc++";
				CLANG_ENABLE_MODULES = YES;
				CLANG_ENABLE_OBJC_ARC = YES;
				CLANG_ENABLE_OBJC_WEAK = YES;
				CLANG_WARN_BLOCK_CAPTURE_AUTORELEASING = YES;
				CLANG_WARN_BOOL_CONVERSION = YES;
				CLANG_WARN_COMMA = YES;
				CLANG_WARN_CONSTANT_CONVERSION = YES;
				CLANG_WARN_DEPRECATED_OBJC_IMPLEMENTATIONS = YES;
				CLANG_WARN_DIRECT_OBJC_ISA_USAGE = YES_ERROR;
				CLANG_WARN_DOCUMENTATION_COMMENTS = YES;
				CLANG_WARN_EMPTY_BODY = YES;
				CLANG_WARN_ENUM_CONVERSION = YES;
				CLANG_WARN_INFINITE_RECURSION = YES;
				CLANG_WARN_INT_CONVERSION = YES;
				CLANG_WARN_NON_LITERAL_NULL_CONVERSION = YES;
				CLANG_WARN_OBJC_IMPLICIT_RETAIN_SELF = YES;
				CLANG_WARN_OBJC_LITERAL_CONVERSION = YES;
				CLANG_WARN_OBJC_ROOT_CLASS = YES_ERROR;
				CLANG_WARN_RANGE_LOOP_ANALYSIS = YES;
				CLANG_WARN_STRICT_PROTOTYPES = YES;
				CLANG_WARN_SUSPICIOUS_MOVE = YES;
				CLANG_WARN_UNGUARDED_AVAILABILITY = YES_AGGRESSIVE;
				CLANG_WARN_UNREACHABLE_CODE = YES;
				CLANG_WARN__DUPLICATE_METHOD_MATCH = YES;
				CODE_SIGN_IDENTITY = "iPhone Developer";
				COPY_PHASE_STRIP = NO;
				DEBUG_INFORMATION_FORMAT = dwarf;
				ENABLE_STRICT_OBJC_MSGSEND = YES;
				ENABLE_TESTABILITY = YES;
				GCC_C_LANGUAGE_STANDARD = gnu11;
				GCC_DYNAMIC_NO_PIC = NO;
				GCC_NO_COMMON_BLOCKS = YES;
				GCC_OPTIMIZATION_LEVEL = 0;
				GCC_PREPROCESSOR_DEFINITIONS = (
					"DEBUG=1",
					"$(inherited)",
				);
				GCC_WARN_64_TO_32_BIT_CONVERSION = YES;
				GCC_WARN_ABOUT_RETURN_TYPE = YES_ERROR;
				GCC_WARN_UNDECLARED_SELECTOR = YES;
				GCC_WARN_UNINITIALIZED_AUTOS = YES_AGGRESSIVE;
				GCC_WARN_UNUSED_FUNCTION = YES;
				GCC_WARN_UNUSED_VARIABLE = YES;
				IPHONEOS_DEPLOYMENT_TARGET = 12.2;
				MTL_ENABLE_DEBUG_INFO = INCLUDE_SOURCE;
				MTL_FAST_MATH = YES;
				ONLY_ACTIVE_ARCH = YES;
				SDKROOT = iphoneos;
				SWIFT_ACTIVE_COMPILATION_CONDITIONS = DEBUG;
				SWIFT_OPTIMIZATION_LEVEL = "-Onone";
			};
			name = Debug;
		};
		855EB59922FBE3F6002BEB82 /* Release */ = {
			isa = XCBuildConfiguration;
			buildSettings = {
				ALWAYS_SEARCH_USER_PATHS = NO;
				CLANG_ANALYZER_NONNULL = YES;
				CLANG_ANALYZER_NUMBER_OBJECT_CONVERSION = YES_AGGRESSIVE;
				CLANG_CXX_LANGUAGE_STANDARD = "gnu++14";
				CLANG_CXX_LIBRARY = "libc++";
				CLANG_ENABLE_MODULES = YES;
				CLANG_ENABLE_OBJC_ARC = YES;
				CLANG_ENABLE_OBJC_WEAK = YES;
				CLANG_WARN_BLOCK_CAPTURE_AUTORELEASING = YES;
				CLANG_WARN_BOOL_CONVERSION = YES;
				CLANG_WARN_COMMA = YES;
				CLANG_WARN_CONSTANT_CONVERSION = YES;
				CLANG_WARN_DEPRECATED_OBJC_IMPLEMENTATIONS = YES;
				CLANG_WARN_DIRECT_OBJC_ISA_USAGE = YES_ERROR;
				CLANG_WARN_DOCUMENTATION_COMMENTS = YES;
				CLANG_WARN_EMPTY_BODY = YES;
				CLANG_WARN_ENUM_CONVERSION = YES;
				CLANG_WARN_INFINITE_RECURSION = YES;
				CLANG_WARN_INT_CONVERSION = YES;
				CLANG_WARN_NON_LITERAL_NULL_CONVERSION = YES;
				CLANG_WARN_OBJC_IMPLICIT_RETAIN_SELF = YES;
				CLANG_WARN_OBJC_LITERAL_CONVERSION = YES;
				CLANG_WARN_OBJC_ROOT_CLASS = YES_ERROR;
				CLANG_WARN_RANGE_LOOP_ANALYSIS = YES;
				CLANG_WARN_STRICT_PROTOTYPES = YES;
				CLANG_WARN_SUSPICIOUS_MOVE = YES;
				CLANG_WARN_UNGUARDED_AVAILABILITY = YES_AGGRESSIVE;
				CLANG_WARN_UNREACHABLE_CODE = YES;
				CLANG_WARN__DUPLICATE_METHOD_MATCH = YES;
				CODE_SIGN_IDENTITY = "iPhone Developer";
				COPY_PHASE_STRIP = NO;
				DEBUG_INFORMATION_FORMAT = "dwarf-with-dsym";
				ENABLE_NS_ASSERTIONS = NO;
				ENABLE_STRICT_OBJC_MSGSEND = YES;
				GCC_C_LANGUAGE_STANDARD = gnu11;
				GCC_NO_COMMON_BLOCKS = YES;
				GCC_WARN_64_TO_32_BIT_CONVERSION = YES;
				GCC_WARN_ABOUT_RETURN_TYPE = YES_ERROR;
				GCC_WARN_UNDECLARED_SELECTOR = YES;
				GCC_WARN_UNINITIALIZED_AUTOS = YES_AGGRESSIVE;
				GCC_WARN_UNUSED_FUNCTION = YES;
				GCC_WARN_UNUSED_VARIABLE = YES;
				IPHONEOS_DEPLOYMENT_TARGET = 12.2;
				MTL_ENABLE_DEBUG_INFO = NO;
				MTL_FAST_MATH = YES;
				SDKROOT = iphoneos;
				SWIFT_COMPILATION_MODE = wholemodule;
				SWIFT_OPTIMIZATION_LEVEL = "-O";
				VALIDATE_PRODUCT = YES;
			};
			name = Release;
		};
		855EB59B22FBE3F6002BEB82 /* Debug */ = {
			isa = XCBuildConfiguration;
			baseConfigurationReference = 9763CEA0DD56BAFA460148CF /* Pods-8ball_testproject.debug.xcconfig */;
			buildSettings = {
				ASSETCATALOG_COMPILER_APPICON_NAME = AppIcon;
				CODE_SIGN_STYLE = Automatic;
				DEVELOPMENT_TEAM = Q3939MPD4F;
				INFOPLIST_FILE = 8ball_testproject/Info.plist;
				IPHONEOS_DEPLOYMENT_TARGET = 12.0;
				LD_RUNPATH_SEARCH_PATHS = (
					"$(inherited)",
					"@executable_path/Frameworks",
				);
				PRODUCT_BUNDLE_IDENTIFIER = "com.Stanislav-Buryan.-ball-testproject";
				PRODUCT_NAME = "$(TARGET_NAME)";
				SWIFT_VERSION = 5.0;
				TARGETED_DEVICE_FAMILY = "1,2";
			};
			name = Debug;
		};
		855EB59C22FBE3F6002BEB82 /* Release */ = {
			isa = XCBuildConfiguration;
			baseConfigurationReference = 217C41F4EDEFE08FA8380964 /* Pods-8ball_testproject.release.xcconfig */;
			buildSettings = {
				ASSETCATALOG_COMPILER_APPICON_NAME = AppIcon;
				CODE_SIGN_STYLE = Automatic;
				DEVELOPMENT_TEAM = Q3939MPD4F;
				INFOPLIST_FILE = 8ball_testproject/Info.plist;
				IPHONEOS_DEPLOYMENT_TARGET = 12.0;
				LD_RUNPATH_SEARCH_PATHS = (
					"$(inherited)",
					"@executable_path/Frameworks",
				);
				PRODUCT_BUNDLE_IDENTIFIER = "com.Stanislav-Buryan.-ball-testproject";
				PRODUCT_NAME = "$(TARGET_NAME)";
				SWIFT_VERSION = 5.0;
				TARGETED_DEVICE_FAMILY = "1,2";
			};
			name = Release;
		};
/* End XCBuildConfiguration section */

/* Begin XCConfigurationList section */
		855EB58322FBE3F1002BEB82 /* Build configuration list for PBXProject "8ball_testproject" */ = {
			isa = XCConfigurationList;
			buildConfigurations = (
				855EB59822FBE3F6002BEB82 /* Debug */,
				855EB59922FBE3F6002BEB82 /* Release */,
			);
			defaultConfigurationIsVisible = 0;
			defaultConfigurationName = Release;
		};
		855EB59A22FBE3F6002BEB82 /* Build configuration list for PBXNativeTarget "8ball_testproject" */ = {
			isa = XCConfigurationList;
			buildConfigurations = (
				855EB59B22FBE3F6002BEB82 /* Debug */,
				855EB59C22FBE3F6002BEB82 /* Release */,
			);
			defaultConfigurationIsVisible = 0;
			defaultConfigurationName = Release;
		};
/* End XCConfigurationList section */
	};
	rootObject = 855EB58022FBE3F1002BEB82 /* Project object */;
}
